
Microsoft Visual Studio Solution File, Format Version 12.00
# Visual Studio Version 17
VisualStudioVersion = 17.5.33627.172
MinimumVisualStudioVersion = 10.0.40219.1
Project("{FAE04EC0-301F-11D3-BF4B-00C04F79EFBC}") = "HutechDriver", "HutechDriver\HutechDriver.csproj", "{0E2B7B40-1404-40A8-95CA-5DF9F622A217}"
EndProject
Project("{2150E333-8FDC-42A3-9474-1A3956D46DE8}") = "Solution Items", "Solution Items", "{C9B51F8A-C21C-4884-81AA-A1B3779C6AA7}"
	ProjectSection(SolutionItems) = preProject
		.editorconfig = .editorconfig
	EndProjectSection
EndProject
Global
	GlobalSection(SolutionConfigurationPlatforms) = preSolution
		Debug|Any CPU = Debug|Any CPU
		Release|Any CPU = Release|Any CPU
	EndGlobalSection
	GlobalSection(ProjectConfigurationPlatforms) = postSolution
		{0E2B7B40-1404-40A8-95CA-5DF9F622A217}.Debug|Any CPU.ActiveCfg = Debug|Any CPU
		{0E2B7B40-1404-40A8-95CA-5DF9F622A217}.Debug|Any CPU.Build.0 = Debug|Any CPU
		{0E2B7B40-1404-40A8-95CA-5DF9F622A217}.Release|Any CPU.ActiveCfg = Release|Any CPU
		{0E2B7B40-1404-40A8-95CA-5DF9F622A217}.Release|Any CPU.Build.0 = Release|Any CPU
	EndGlobalSection
	GlobalSection(SolutionProperties) = preSolution
		HideSolutionNode = FALSE
	EndGlobalSection
	GlobalSection(ExtensibilityGlobals) = postSolution
		SolutionGuid = {E313FD49-B2B0-43B7-B1D1-5197A8008CF7}
	EndGlobalSection
EndGlobal
